{
  "name": "cordova-plugin-email-composer",
  "version": "0.10.5-sw",
  "lockfileVersion": 2,
  "requires": true,
  "packages": {
    "": {
      "name": "cordova-plugin-email-composer",
      "version": "0.10.1-sw",
      "engines": [
        {
          "name": "cordova",
          "version": ">=6.0.0"
        },
        {
          "name": "cordova-android",
          "version": ">=6.2.0"
        },
        {
          "name": "cordova-ios",
          "version": ">=4.0.0"
        },
        {
          "name": "cordova-windows",
          "version": ">=4.3.0"
        }
      ],
      "license": "Apache-2.0",
      "devDependencies": {
        "@types/cordova": "^0.0.34",
        "@types/web": "^0.0.75",
        "@types/winjs": "^4.4.1",
        "@types/winrt-uwp": "^0.0.23"
      }
    },
    "node_modules/@types/cordova": {
      "version": "0.0.34",
      "resolved": "https://registry.npmjs.org/@types/cordova/-/cordova-0.0.34.tgz",
      "integrity": "sha512-rkiiTuf/z2wTd4RxFOb+clE7PF4AEJU0hsczbUdkHHBtkUmpWQpEddynNfJYKYtZFJKbq4F+brfekt1kx85IZA==",
      "dev": true
    },
    "node_modules/@types/web": {
      "version": "0.0.75",
      "resolved": "https://registry.npmjs.org/@types/web/-/web-0.0.75.tgz",
      "integrity": "sha512-42MBIWop5E6TENKBwwMONJfctJsHc5o1k6Fn3FOXsPz892cW6wuiWGPvQh+Tle+yaAMaIpRsdOnlFMDKUKkdGw==",
      "dev": true
    },
    "node_modules/@types/winjs": {
      "version": "4.4.1",
      "resolved": "https://registry.npmjs.org/@types/winjs/-/winjs-4.4.1.tgz",
      "integrity": "sha512-rWeTfcf2YW6wRoDMTI7ihR9HyiHt3+0K+Yuel6wOf5LPeKnjUe6TXAnrjpTtte5TMKPtLQbHEghA+KgV4OSUxw==",
      "dev": true
    },
    "node_modules/@types/winrt-uwp": {
      "version": "0.0.23",
      "resolved": "https://registry.npmjs.org/@types/winrt-uwp/-/winrt-uwp-0.0.23.tgz",
      "integrity": "sha512-LKWs+IxfHgl/7lq0ETGbC7CmXjS6Apiz/8+d0MMFeGySdTXdeFZ4OJ1PeX7jTuFvQ/aU6i0AYD8BW9At9bgf/A==",
      "dev": true
    }
  },
  "dependencies": {
    "@types/cordova": {
      "version": "0.0.34",
      "resolved": "https://registry.npmjs.org/@types/cordova/-/cordova-0.0.34.tgz",
      "integrity": "sha512-rkiiTuf/z2wTd4RxFOb+clE7PF4AEJU0hsczbUdkHHBtkUmpWQpEddynNfJYKYtZFJKbq4F+brfekt1kx85IZA==",
      "dev": true
    },
    "@types/web": {
      "version": "0.0.75",
      "resolved": "https://registry.npmjs.org/@types/web/-/web-0.0.75.tgz",
      "integrity": "sha512-42MBIWop5E6TENKBwwMONJfctJsHc5o1k6Fn3FOXsPz892cW6wuiWGPvQh+Tle+yaAMaIpRsdOnlFMDKUKkdGw==",
      "dev": true
    },
    "@types/winjs": {
      "version": "4.4.1",
      "resolved": "https://registry.npmjs.org/@types/winjs/-/winjs-4.4.1.tgz",
      "integrity": "sha512-rWeTfcf2YW6wRoDMTI7ihR9HyiHt3+0K+Yuel6wOf5LPeKnjUe6TXAnrjpTtte5TMKPtLQbHEghA+KgV4OSUxw==",
      "dev": true
    },
    "@types/winrt-uwp": {
      "version": "0.0.23",
      "resolved": "https://registry.npmjs.org/@types/winrt-uwp/-/winrt-uwp-0.0.23.tgz",
      "integrity": "sha512-LKWs+IxfHgl/7lq0ETGbC7CmXjS6Apiz/8+d0MMFeGySdTXdeFZ4OJ1PeX7jTuFvQ/aU6i0AYD8BW9At9bgf/A==",
      "dev": true
    }
  }
}
