{
  "name": "cordova-plugin-email-composer",
  "version": "0.10.0-sw",
  "lockfileVersion": 2,
  "requires": true,
  "packages": {
    "": {
      "name": "cordova-plugin-email-composer",
      "version": "0.9.2",
      "engines": [
        {
          "name": "cordova",
          "version": ">=6.0.0"
        },
        {
          "name": "cordova-android",
          "version": ">=6.2.0"
        },
        {
          "name": "cordova-ios",
          "version": ">=4.0.0"
        },
        {
          "name": "cordova-windows",
          "version": ">=4.3.0"
        }
      ],
      "license": "Apache-2.0",
      "devDependencies": {
        "@types/cordova": "^0.0.34",
        "@types/web": "^0.0.47",
        "@types/winjs": "^4.4.1",
        "@types/winrt-uwp": "^0.0.21"
      }
    },
    "node_modules/@types/cordova": {
      "version": "0.0.34",
      "resolved": "https://registry.npmjs.org/@types/cordova/-/cordova-0.0.34.tgz",
      "integrity": "sha1-6nrd907Ow9dimCegw54smt3HPQQ=",
      "dev": true
    },
    "node_modules/@types/web": {
      "version": "0.0.47",
      "resolved": "https://registry.npmjs.org/@types/web/-/web-0.0.47.tgz",
      "integrity": "sha512-kNX2VcGuQt4Xen78iIbUXyj+WxNPlP7hGCno/sJSI4p2zo7u6jAtryAKwNNqOoOaWfFZas1lbKJKOxUarsUzog==",
      "dev": true
    },
    "node_modules/@types/winjs": {
      "version": "4.4.1",
      "resolved": "https://registry.npmjs.org/@types/winjs/-/winjs-4.4.1.tgz",
      "integrity": "sha512-rWeTfcf2YW6wRoDMTI7ihR9HyiHt3+0K+Yuel6wOf5LPeKnjUe6TXAnrjpTtte5TMKPtLQbHEghA+KgV4OSUxw==",
      "dev": true
    },
    "node_modules/@types/winrt-uwp": {
      "version": "0.0.21",
      "resolved": "https://registry.npmjs.org/@types/winrt-uwp/-/winrt-uwp-0.0.21.tgz",
      "integrity": "sha512-ZPs5I/S4th3GAgGV/x5cmKOfJk8GoLJvkFLdOOqcLu+Bw/jSuOW3Kq/lLHZXrkBC/O3Ec3b9JW8SwBwi/BRXtQ==",
      "dev": true
    }
  },
  "dependencies": {
    "@types/cordova": {
      "version": "0.0.34",
      "resolved": "https://registry.npmjs.org/@types/cordova/-/cordova-0.0.34.tgz",
      "integrity": "sha1-6nrd907Ow9dimCegw54smt3HPQQ=",
      "dev": true
    },
    "@types/web": {
      "version": "0.0.47",
      "resolved": "https://registry.npmjs.org/@types/web/-/web-0.0.47.tgz",
      "integrity": "sha512-kNX2VcGuQt4Xen78iIbUXyj+WxNPlP7hGCno/sJSI4p2zo7u6jAtryAKwNNqOoOaWfFZas1lbKJKOxUarsUzog==",
      "dev": true
    },
    "@types/winjs": {
      "version": "4.4.1",
      "resolved": "https://registry.npmjs.org/@types/winjs/-/winjs-4.4.1.tgz",
      "integrity": "sha512-rWeTfcf2YW6wRoDMTI7ihR9HyiHt3+0K+Yuel6wOf5LPeKnjUe6TXAnrjpTtte5TMKPtLQbHEghA+KgV4OSUxw==",
      "dev": true
    },
    "@types/winrt-uwp": {
      "version": "0.0.21",
      "resolved": "https://registry.npmjs.org/@types/winrt-uwp/-/winrt-uwp-0.0.21.tgz",
      "integrity": "sha512-ZPs5I/S4th3GAgGV/x5cmKOfJk8GoLJvkFLdOOqcLu+Bw/jSuOW3Kq/lLHZXrkBC/O3Ec3b9JW8SwBwi/BRXtQ==",
      "dev": true
    }
  }
}
